
Microsoft Visual Studio Solution File, Format Version 12.00
# Visual Studio Version 17
VisualStudioVersion = 17.9.34310.174
MinimumVisualStudioVersion = 10.0.40219.1
Project("{9A19103F-16F7-4668-BE54-9A1E7A4F7556}") = "Notifier.Vk", "Notifier.Vk\Notifier.Vk.csproj", "{EB9701F8-74EC-4B2F-A3AE-7473FB26EA7B}"
EndProject
Project("{9A19103F-16F7-4668-BE54-9A1E7A4F7556}") = "Notifier.DataAccess", "Notifier.DataAccess\Notifier.DataAccess.csproj", "{06842FF0-8BF8-4A4E-B11D-A62DCE3DF7A4}"
EndProject
Project("{9A19103F-16F7-4668-BE54-9A1E7A4F7556}") = "Notifier.Blazor", "Notifier.Blazor\Notifier.Blazor.csproj", "{95E69F22-84EB-4AD0-A8E1-284F86444962}"
EndProject
Project("{9A19103F-16F7-4668-BE54-9A1E7A4F7556}") = "Notifier.Telegram", "Notifier.Telegram\Notifier.Telegram.csproj", "{33083412-CB43-4EBC-A9C7-52DAF988067F}"
EndProject
Project("{9A19103F-16F7-4668-BE54-9A1E7A4F7556}") = "Notifier.Logic", "Notifier.Logic\Notifier.Logic.csproj", "{02220609-C233-4007-8B90-991C3DA1F3A4}"
EndProject
Global
	GlobalSection(SolutionConfigurationPlatforms) = preSolution
		Debug|Any CPU = Debug|Any CPU
		Release|Any CPU = Release|Any CPU
	EndGlobalSection
	GlobalSection(ProjectConfigurationPlatforms) = postSolution
		{EB9701F8-74EC-4B2F-A3AE-7473FB26EA7B}.Debug|Any CPU.ActiveCfg = Debug|Any CPU
		{EB9701F8-74EC-4B2F-A3AE-7473FB26EA7B}.Debug|Any CPU.Build.0 = Debug|Any CPU
		{EB9701F8-74EC-4B2F-A3AE-7473FB26EA7B}.Release|Any CPU.ActiveCfg = Release|Any CPU
		{EB9701F8-74EC-4B2F-A3AE-7473FB26EA7B}.Release|Any CPU.Build.0 = Release|Any CPU
		{06842FF0-8BF8-4A4E-B11D-A62DCE3DF7A4}.Debug|Any CPU.ActiveCfg = Debug|Any CPU
		{06842FF0-8BF8-4A4E-B11D-A62DCE3DF7A4}.Debug|Any CPU.Build.0 = Debug|Any CPU
		{06842FF0-8BF8-4A4E-B11D-A62DCE3DF7A4}.Release|Any CPU.ActiveCfg = Release|Any CPU
		{06842FF0-8BF8-4A4E-B11D-A62DCE3DF7A4}.Release|Any CPU.Build.0 = Release|Any CPU
		{95E69F22-84EB-4AD0-A8E1-284F86444962}.Debug|Any CPU.ActiveCfg = Debug|Any CPU
		{95E69F22-84EB-4AD0-A8E1-284F86444962}.Debug|Any CPU.Build.0 = Debug|Any CPU
		{95E69F22-84EB-4AD0-A8E1-284F86444962}.Release|Any CPU.ActiveCfg = Release|Any CPU
		{95E69F22-84EB-4AD0-A8E1-284F86444962}.Release|Any CPU.Build.0 = Release|Any CPU
		{33083412-CB43-4EBC-A9C7-52DAF988067F}.Debug|Any CPU.ActiveCfg = Debug|Any CPU
		{33083412-CB43-4EBC-A9C7-52DAF988067F}.Debug|Any CPU.Build.0 = Debug|Any CPU
		{33083412-CB43-4EBC-A9C7-52DAF988067F}.Release|Any CPU.ActiveCfg = Release|Any CPU
		{33083412-CB43-4EBC-A9C7-52DAF988067F}.Release|Any CPU.Build.0 = Release|Any CPU
		{02220609-C233-4007-8B90-991C3DA1F3A4}.Debug|Any CPU.ActiveCfg = Debug|Any CPU
		{02220609-C233-4007-8B90-991C3DA1F3A4}.Debug|Any CPU.Build.0 = Debug|Any CPU
		{02220609-C233-4007-8B90-991C3DA1F3A4}.Release|Any CPU.ActiveCfg = Release|Any CPU
		{02220609-C233-4007-8B90-991C3DA1F3A4}.Release|Any CPU.Build.0 = Release|Any CPU
	EndGlobalSection
	GlobalSection(SolutionProperties) = preSolution
		HideSolutionNode = FALSE
	EndGlobalSection
	GlobalSection(ExtensibilityGlobals) = postSolution
		SolutionGuid = {6FB3157A-7650-48FD-9C4A-13C164097D80}
	EndGlobalSection
EndGlobal
